
Microsoft Visual Studio Solution File, Format Version 12.00
# Visual Studio 15
VisualStudioVersion = 15.0.26730.12
MinimumVisualStudioVersion = 10.0.40219.1
Project("{9A19103F-16F7-4668-BE54-9A1E7A4F7556}") = "Maple.Core", "Maple.Core\Maple.Core.csproj", "{344CCC19-B40C-4CB6-9A5F-EA84D1570147}"
EndProject
Project("{9A19103F-16F7-4668-BE54-9A1E7A4F7556}") = "Maple.Web.Framework", "Maple.Web.Framework\Maple.Web.Framework.csproj", "{8784A4BA-ECFA-49FA-A5AC-494A1106649A}"
EndProject
Project("{2150E333-8FDC-42A3-9474-1A3956D46DE8}") = "Maple.Plugins", "Maple.Plugins", "{C67C4E3F-EEBA-4BD9-AC8F-8A011A0282E0}"
EndProject
Project("{2150E333-8FDC-42A3-9474-1A3956D46DE8}") = "Maple.Tests", "Maple.Tests", "{B73832F5-887D-4AF6-8D17-4BE2F9155B2A}"
EndProject
Project("{9A19103F-16F7-4668-BE54-9A1E7A4F7556}") = "Maple.Services", "Maple.Services\Maple.Services.csproj", "{99F5B68C-A45F-462F-B4D0-D8BBF9721722}"
EndProject
Project("{9A19103F-16F7-4668-BE54-9A1E7A4F7556}") = "Maple.Core.Tests", "Maple.Tests\Maple.Core.Tests\Maple.Core.Tests.csproj", "{B7ED3017-5D6A-4D4C-941E-F9415E46B007}"
EndProject
Project("{2150E333-8FDC-42A3-9474-1A3956D46DE8}") = "Maple.Tools", "Maple.Tools", "{22537C79-7283-47D4-9A00-1FE7AA9F781D}"
EndProject
Project("{FAE04EC0-301F-11D3-BF4B-00C04F79EFBC}") = "Maple.BuildTask", "Maple.Tools\Maple.BuildTask\Maple.BuildTask.csproj", "{375B95D7-14C4-4BD5-83A9-45BADB4DD621}"
EndProject
Project("{9A19103F-16F7-4668-BE54-9A1E7A4F7556}") = "Maple.Web", "Maple.Web\Maple.Web.csproj", "{2055E2EC-123F-4B9F-95DA-2A66350D37D9}"
	ProjectSection(ProjectDependencies) = postProject
		{DEDCF01B-8F84-4723-90D3-DEE41A95C3C6} = {DEDCF01B-8F84-4723-90D3-DEE41A95C3C6}
		{B2202D7B-ED4F-4D95-9F29-390742F39832} = {B2202D7B-ED4F-4D95-9F29-390742F39832}
		{C0D0EFCA-F51D-4B55-9AEE-AE8C152457C9} = {C0D0EFCA-F51D-4B55-9AEE-AE8C152457C9}
	EndProjectSection
EndProject
Project("{9A19103F-16F7-4668-BE54-9A1E7A4F7556}") = "Maple.Foundation.Setup", "Maple.Plugs\Maple.Foundation.Setup\Maple.Foundation.Setup.csproj", "{C0D0EFCA-F51D-4B55-9AEE-AE8C152457C9}"
EndProject
Project("{9A19103F-16F7-4668-BE54-9A1E7A4F7556}") = "Maple.Foundation.CAA", "Maple.Plugs\Maple.Foundation.CAA\Maple.Foundation.CAA.csproj", "{DEDCF01B-8F84-4723-90D3-DEE41A95C3C6}"
EndProject
Project("{2150E333-8FDC-42A3-9474-1A3956D46DE8}") = "Maple.Themes", "Maple.Themes", "{D1FE593C-ABF0-43BA-928D-48D417A8D7A6}"
EndProject
Project("{9A19103F-16F7-4668-BE54-9A1E7A4F7556}") = "Maple.Foundation.Themes", "Maple.Themes\Maple.Foundation.Themes\Maple.Foundation.Themes.csproj", "{B2202D7B-ED4F-4D95-9F29-390742F39832}"
EndProject
Project("{9A19103F-16F7-4668-BE54-9A1E7A4F7556}") = "Maple.Data.PerformanceTests", "Maple.Tools\Maple.Data.PerformanceTests\Maple.Data.PerformanceTests.csproj", "{A8C4BF5E-857F-4F05-9BFA-88194375805B}"
EndProject
Project("{FAE04EC0-301F-11D3-BF4B-00C04F79EFBC}") = "Maple.Core.Tests.Domain", "Maple.Core.Tests.Domain\Maple.Core.Tests.Domain.csproj", "{58C2998C-AAAF-4516-8637-45F18382C92C}"
EndProject
Global
	GlobalSection(SolutionConfigurationPlatforms) = preSolution
		Debug|Any CPU = Debug|Any CPU
		Release|Any CPU = Release|Any CPU
	EndGlobalSection
	GlobalSection(ProjectConfigurationPlatforms) = postSolution
		{344CCC19-B40C-4CB6-9A5F-EA84D1570147}.Debug|Any CPU.ActiveCfg = Debug|Any CPU
		{344CCC19-B40C-4CB6-9A5F-EA84D1570147}.Debug|Any CPU.Build.0 = Debug|Any CPU
		{344CCC19-B40C-4CB6-9A5F-EA84D1570147}.Release|Any CPU.ActiveCfg = Release|Any CPU
		{344CCC19-B40C-4CB6-9A5F-EA84D1570147}.Release|Any CPU.Build.0 = Release|Any CPU
		{8784A4BA-ECFA-49FA-A5AC-494A1106649A}.Debug|Any CPU.ActiveCfg = Debug|Any CPU
		{8784A4BA-ECFA-49FA-A5AC-494A1106649A}.Debug|Any CPU.Build.0 = Debug|Any CPU
		{8784A4BA-ECFA-49FA-A5AC-494A1106649A}.Release|Any CPU.ActiveCfg = Release|Any CPU
		{8784A4BA-ECFA-49FA-A5AC-494A1106649A}.Release|Any CPU.Build.0 = Release|Any CPU
		{99F5B68C-A45F-462F-B4D0-D8BBF9721722}.Debug|Any CPU.ActiveCfg = Debug|Any CPU
		{99F5B68C-A45F-462F-B4D0-D8BBF9721722}.Debug|Any CPU.Build.0 = Debug|Any CPU
		{99F5B68C-A45F-462F-B4D0-D8BBF9721722}.Release|Any CPU.ActiveCfg = Release|Any CPU
		{99F5B68C-A45F-462F-B4D0-D8BBF9721722}.Release|Any CPU.Build.0 = Release|Any CPU
		{B7ED3017-5D6A-4D4C-941E-F9415E46B007}.Debug|Any CPU.ActiveCfg = Debug|Any CPU
		{B7ED3017-5D6A-4D4C-941E-F9415E46B007}.Debug|Any CPU.Build.0 = Debug|Any CPU
		{B7ED3017-5D6A-4D4C-941E-F9415E46B007}.Release|Any CPU.ActiveCfg = Release|Any CPU
		{B7ED3017-5D6A-4D4C-941E-F9415E46B007}.Release|Any CPU.Build.0 = Release|Any CPU
		{375B95D7-14C4-4BD5-83A9-45BADB4DD621}.Debug|Any CPU.ActiveCfg = Debug|Any CPU
		{375B95D7-14C4-4BD5-83A9-45BADB4DD621}.Debug|Any CPU.Build.0 = Debug|Any CPU
		{375B95D7-14C4-4BD5-83A9-45BADB4DD621}.Release|Any CPU.ActiveCfg = Release|Any CPU
		{375B95D7-14C4-4BD5-83A9-45BADB4DD621}.Release|Any CPU.Build.0 = Release|Any CPU
		{2055E2EC-123F-4B9F-95DA-2A66350D37D9}.Debug|Any CPU.ActiveCfg = Debug|Any CPU
		{2055E2EC-123F-4B9F-95DA-2A66350D37D9}.Debug|Any CPU.Build.0 = Debug|Any CPU
		{2055E2EC-123F-4B9F-95DA-2A66350D37D9}.Release|Any CPU.ActiveCfg = Release|Any CPU
		{2055E2EC-123F-4B9F-95DA-2A66350D37D9}.Release|Any CPU.Build.0 = Release|Any CPU
		{C0D0EFCA-F51D-4B55-9AEE-AE8C152457C9}.Debug|Any CPU.ActiveCfg = Debug|Any CPU
		{C0D0EFCA-F51D-4B55-9AEE-AE8C152457C9}.Debug|Any CPU.Build.0 = Debug|Any CPU
		{C0D0EFCA-F51D-4B55-9AEE-AE8C152457C9}.Release|Any CPU.ActiveCfg = Release|Any CPU
		{C0D0EFCA-F51D-4B55-9AEE-AE8C152457C9}.Release|Any CPU.Build.0 = Release|Any CPU
		{DEDCF01B-8F84-4723-90D3-DEE41A95C3C6}.Debug|Any CPU.ActiveCfg = Debug|Any CPU
		{DEDCF01B-8F84-4723-90D3-DEE41A95C3C6}.Debug|Any CPU.Build.0 = Debug|Any CPU
		{DEDCF01B-8F84-4723-90D3-DEE41A95C3C6}.Release|Any CPU.ActiveCfg = Release|Any CPU
		{DEDCF01B-8F84-4723-90D3-DEE41A95C3C6}.Release|Any CPU.Build.0 = Release|Any CPU
		{B2202D7B-ED4F-4D95-9F29-390742F39832}.Debug|Any CPU.ActiveCfg = Debug|Any CPU
		{B2202D7B-ED4F-4D95-9F29-390742F39832}.Debug|Any CPU.Build.0 = Debug|Any CPU
		{B2202D7B-ED4F-4D95-9F29-390742F39832}.Release|Any CPU.ActiveCfg = Release|Any CPU
		{B2202D7B-ED4F-4D95-9F29-390742F39832}.Release|Any CPU.Build.0 = Release|Any CPU
		{A8C4BF5E-857F-4F05-9BFA-88194375805B}.Debug|Any CPU.ActiveCfg = Debug|Any CPU
		{A8C4BF5E-857F-4F05-9BFA-88194375805B}.Debug|Any CPU.Build.0 = Debug|Any CPU
		{A8C4BF5E-857F-4F05-9BFA-88194375805B}.Release|Any CPU.ActiveCfg = Release|Any CPU
		{A8C4BF5E-857F-4F05-9BFA-88194375805B}.Release|Any CPU.Build.0 = Release|Any CPU
		{58C2998C-AAAF-4516-8637-45F18382C92C}.Debug|Any CPU.ActiveCfg = Debug|Any CPU
		{58C2998C-AAAF-4516-8637-45F18382C92C}.Debug|Any CPU.Build.0 = Debug|Any CPU
		{58C2998C-AAAF-4516-8637-45F18382C92C}.Release|Any CPU.ActiveCfg = Release|Any CPU
		{58C2998C-AAAF-4516-8637-45F18382C92C}.Release|Any CPU.Build.0 = Release|Any CPU
	EndGlobalSection
	GlobalSection(SolutionProperties) = preSolution
		HideSolutionNode = FALSE
	EndGlobalSection
	GlobalSection(NestedProjects) = preSolution
		{B7ED3017-5D6A-4D4C-941E-F9415E46B007} = {B73832F5-887D-4AF6-8D17-4BE2F9155B2A}
		{375B95D7-14C4-4BD5-83A9-45BADB4DD621} = {22537C79-7283-47D4-9A00-1FE7AA9F781D}
		{C0D0EFCA-F51D-4B55-9AEE-AE8C152457C9} = {C67C4E3F-EEBA-4BD9-AC8F-8A011A0282E0}
		{DEDCF01B-8F84-4723-90D3-DEE41A95C3C6} = {C67C4E3F-EEBA-4BD9-AC8F-8A011A0282E0}
		{B2202D7B-ED4F-4D95-9F29-390742F39832} = {D1FE593C-ABF0-43BA-928D-48D417A8D7A6}
		{A8C4BF5E-857F-4F05-9BFA-88194375805B} = {22537C79-7283-47D4-9A00-1FE7AA9F781D}
		{58C2998C-AAAF-4516-8637-45F18382C92C} = {B73832F5-887D-4AF6-8D17-4BE2F9155B2A}
	EndGlobalSection
	GlobalSection(ExtensibilityGlobals) = postSolution
		SolutionGuid = {D724DE37-FE91-4FBF-BE3C-1A11480AC63C}
	EndGlobalSection
	GlobalSection(Performance) = preSolution
		HasPerformanceSessions = true
	EndGlobalSection
	GlobalSection(Performance) = preSolution
		HasPerformanceSessions = true
	EndGlobalSection
EndGlobal
