
Microsoft Visual Studio Solution File, Format Version 12.00
# Visual Studio 15
VisualStudioVersion = 15.0.26730.12
MinimumVisualStudioVersion = 10.0.40219.1
Project("{9A19103F-16F7-4668-BE54-9A1E7A4F7556}") = "Maple.Core", "Maple.Core\Maple.Core.csproj", "{344CCC19-B40C-4CB6-9A5F-EA84D1570147}"
EndProject
Project("{9A19103F-16F7-4668-BE54-9A1E7A4F7556}") = "Maple.Web.Framework", "Maple.Web.Framework\Maple.Web.Framework.csproj", "{8784A4BA-ECFA-49FA-A5AC-494A1106649A}"
EndProject
Project("{2150E333-8FDC-42A3-9474-1A3956D46DE8}") = "Maple.Plugins", "Maple.Plugins", "{C67C4E3F-EEBA-4BD9-AC8F-8A011A0282E0}"
EndProject
Project("{2150E333-8FDC-42A3-9474-1A3956D46DE8}") = "Maple.Tests", "Maple.Tests", "{B73832F5-887D-4AF6-8D17-4BE2F9155B2A}"
EndProject
Project("{9A19103F-16F7-4668-BE54-9A1E7A4F7556}") = "Maple.Services", "Maple.Services\Maple.Services.csproj", "{99F5B68C-A45F-462F-B4D0-D8BBF9721722}"
EndProject
Project("{9A19103F-16F7-4668-BE54-9A1E7A4F7556}") = "Maple.CAA", "Maple.Plugs\Maple.CAA\Maple.CAA.csproj", "{D67D63F3-8F35-4636-8571-FA7812F200A5}"
EndProject
Project("{9A19103F-16F7-4668-BE54-9A1E7A4F7556}") = "Maple.Core.Tests", "Maple.Tests\Maple.Core.Tests\Maple.Core.Tests.csproj", "{B7ED3017-5D6A-4D4C-941E-F9415E46B007}"
EndProject
Project("{2150E333-8FDC-42A3-9474-1A3956D46DE8}") = "Maple.Tools", "Maple.Tools", "{22537C79-7283-47D4-9A00-1FE7AA9F781D}"
EndProject
Project("{FAE04EC0-301F-11D3-BF4B-00C04F79EFBC}") = "Maple.BuildTask", "Maple.Tools\Maple.BuildTask\Maple.BuildTask.csproj", "{375B95D7-14C4-4BD5-83A9-45BADB4DD621}"
EndProject
Project("{9A19103F-16F7-4668-BE54-9A1E7A4F7556}") = "Maple.Web", "Maple.Web\Maple.Web.csproj", "{2055E2EC-123F-4B9F-95DA-2A66350D37D9}"
EndProject
Global
	GlobalSection(SolutionConfigurationPlatforms) = preSolution
		Debug|Any CPU = Debug|Any CPU
		Release|Any CPU = Release|Any CPU
	EndGlobalSection
	GlobalSection(ProjectConfigurationPlatforms) = postSolution
		{344CCC19-B40C-4CB6-9A5F-EA84D1570147}.Debug|Any CPU.ActiveCfg = Debug|Any CPU
		{344CCC19-B40C-4CB6-9A5F-EA84D1570147}.Debug|Any CPU.Build.0 = Debug|Any CPU
		{344CCC19-B40C-4CB6-9A5F-EA84D1570147}.Release|Any CPU.ActiveCfg = Release|Any CPU
		{344CCC19-B40C-4CB6-9A5F-EA84D1570147}.Release|Any CPU.Build.0 = Release|Any CPU
		{8784A4BA-ECFA-49FA-A5AC-494A1106649A}.Debug|Any CPU.ActiveCfg = Debug|Any CPU
		{8784A4BA-ECFA-49FA-A5AC-494A1106649A}.Debug|Any CPU.Build.0 = Debug|Any CPU
		{8784A4BA-ECFA-49FA-A5AC-494A1106649A}.Release|Any CPU.ActiveCfg = Release|Any CPU
		{8784A4BA-ECFA-49FA-A5AC-494A1106649A}.Release|Any CPU.Build.0 = Release|Any CPU
		{99F5B68C-A45F-462F-B4D0-D8BBF9721722}.Debug|Any CPU.ActiveCfg = Debug|Any CPU
		{99F5B68C-A45F-462F-B4D0-D8BBF9721722}.Debug|Any CPU.Build.0 = Debug|Any CPU
		{99F5B68C-A45F-462F-B4D0-D8BBF9721722}.Release|Any CPU.ActiveCfg = Release|Any CPU
		{99F5B68C-A45F-462F-B4D0-D8BBF9721722}.Release|Any CPU.Build.0 = Release|Any CPU
		{D67D63F3-8F35-4636-8571-FA7812F200A5}.Debug|Any CPU.ActiveCfg = Debug|Any CPU
		{D67D63F3-8F35-4636-8571-FA7812F200A5}.Debug|Any CPU.Build.0 = Debug|Any CPU
		{D67D63F3-8F35-4636-8571-FA7812F200A5}.Release|Any CPU.ActiveCfg = Release|Any CPU
		{D67D63F3-8F35-4636-8571-FA7812F200A5}.Release|Any CPU.Build.0 = Release|Any CPU
		{B7ED3017-5D6A-4D4C-941E-F9415E46B007}.Debug|Any CPU.ActiveCfg = Debug|Any CPU
		{B7ED3017-5D6A-4D4C-941E-F9415E46B007}.Debug|Any CPU.Build.0 = Debug|Any CPU
		{B7ED3017-5D6A-4D4C-941E-F9415E46B007}.Release|Any CPU.ActiveCfg = Release|Any CPU
		{B7ED3017-5D6A-4D4C-941E-F9415E46B007}.Release|Any CPU.Build.0 = Release|Any CPU
		{375B95D7-14C4-4BD5-83A9-45BADB4DD621}.Debug|Any CPU.ActiveCfg = Debug|Any CPU
		{375B95D7-14C4-4BD5-83A9-45BADB4DD621}.Debug|Any CPU.Build.0 = Debug|Any CPU
		{375B95D7-14C4-4BD5-83A9-45BADB4DD621}.Release|Any CPU.ActiveCfg = Release|Any CPU
		{375B95D7-14C4-4BD5-83A9-45BADB4DD621}.Release|Any CPU.Build.0 = Release|Any CPU
		{2055E2EC-123F-4B9F-95DA-2A66350D37D9}.Debug|Any CPU.ActiveCfg = Debug|Any CPU
		{2055E2EC-123F-4B9F-95DA-2A66350D37D9}.Debug|Any CPU.Build.0 = Debug|Any CPU
		{2055E2EC-123F-4B9F-95DA-2A66350D37D9}.Release|Any CPU.ActiveCfg = Release|Any CPU
		{2055E2EC-123F-4B9F-95DA-2A66350D37D9}.Release|Any CPU.Build.0 = Release|Any CPU
	EndGlobalSection
	GlobalSection(SolutionProperties) = preSolution
		HideSolutionNode = FALSE
	EndGlobalSection
	GlobalSection(NestedProjects) = preSolution
		{D67D63F3-8F35-4636-8571-FA7812F200A5} = {C67C4E3F-EEBA-4BD9-AC8F-8A011A0282E0}
		{B7ED3017-5D6A-4D4C-941E-F9415E46B007} = {B73832F5-887D-4AF6-8D17-4BE2F9155B2A}
		{375B95D7-14C4-4BD5-83A9-45BADB4DD621} = {22537C79-7283-47D4-9A00-1FE7AA9F781D}
	EndGlobalSection
	GlobalSection(ExtensibilityGlobals) = postSolution
		SolutionGuid = {D724DE37-FE91-4FBF-BE3C-1A11480AC63C}
	EndGlobalSection
EndGlobal
